Microsoft Visual Studio Solution File, Format Version 12.00
# Visual Studio Version 17
VisualStudioVersion = 17.5.2.0
MinimumVisualStudioVersion = 10.0.40219.1
Project("{FAE04EC0-301F-11D3-BF4B-00C04F79EFBC}") = "Prep5", "Prep5.csproj", "{F6A72185-A505-34B8-D270-3C3AA127DA8B}"
EndProject
Global
	GlobalSection(SolutionConfigurationPlatforms) = preSolution
		Debug|Any CPU = Debug|Any CPU
		Release|Any CPU = Release|Any CPU
	EndGlobalSection
	GlobalSection(ProjectConfigurationPlatforms) = postSolution
		{F6A72185-A505-34B8-D270-3C3AA127DA8B}.Debug|Any CPU.ActiveCfg = Debug|Any CPU
		{F6A72185-A505-34B8-D270-3C3AA127DA8B}.Debug|Any CPU.Build.0 = Debug|Any CPU
		{F6A72185-A505-34B8-D270-3C3AA127DA8B}.Release|Any CPU.ActiveCfg = Release|Any CPU
		{F6A72185-A505-34B8-D270-3C3AA127DA8B}.Release|Any CPU.Build.0 = Release|Any CPU
	EndGlobalSection
	GlobalSection(SolutionProperties) = preSolution
		HideSolutionNode = FALSE
	EndGlobalSection
	GlobalSection(ExtensibilityGlobals) = postSolution
		SolutionGuid = {91CF946F-C56C-4C4C-BB50-073C585871AD}
	EndGlobalSection
EndGlobal
